
Microsoft Visual Studio Solution File, Format Version 12.00
# Visual Studio Version 16
VisualStudioVersion = 16.0.29418.71
MinimumVisualStudioVersion = 10.0.40219.1
Project("{FAE04EC0-301F-11D3-BF4B-00C04F79EFBC}") = "S4IntergrationThuli", "S4IntergrationThuli\S4IntergrationThuli.csproj", "{D3B6FCF6-481E-4864-B014-972205B19962}"
EndProject
Global
	GlobalSection(SolutionConfigurationPlatforms) = preSolution
		Debug|Any CPU = Debug|Any CPU
		Release|Any CPU = Release|Any CPU
	EndGlobalSection
	GlobalSection(ProjectConfigurationPlatforms) = postSolution
		{D3B6FCF6-481E-4864-B014-972205B19962}.Debug|Any CPU.ActiveCfg = Debug|Any CPU
		{D3B6FCF6-481E-4864-B014-972205B19962}.Debug|Any CPU.Build.0 = Debug|Any CPU
		{D3B6FCF6-481E-4864-B014-972205B19962}.Release|Any CPU.ActiveCfg = Release|Any CPU
		{D3B6FCF6-481E-4864-B014-972205B19962}.Release|Any CPU.Build.0 = Release|Any CPU
	EndGlobalSection
	GlobalSection(SolutionProperties) = preSolution
		HideSolutionNode = FALSE
	EndGlobalSection
	GlobalSection(ExtensibilityGlobals) = postSolution
		SolutionGuid = {4C84CB1D-EC75-491F-8231-8BE685A881AE}
	EndGlobalSection
EndGlobal
